
Microsoft Visual Studio Solution File, Format Version 12.00
# Visual Studio Version 16
VisualStudioVersion = 16.0.31424.327
MinimumVisualStudioVersion = 10.0.40219.1
Project("{8BC9CEB8-8B4A-11D0-8D11-00A0C91BC942}") = "210906_study", "210906_study.vcxproj", "{DA9C4DD5-2FF7-4081-AABC-383A45F1059C}"
EndProject
Global
	GlobalSection(SolutionConfigurationPlatforms) = preSolution
		Debug|x64 = Debug|x64
		Debug|x86 = Debug|x86
		Release|x64 = Release|x64
		Release|x86 = Release|x86
	EndGlobalSection
	GlobalSection(ProjectConfigurationPlatforms) = postSolution
		{DA9C4DD5-2FF7-4081-AABC-383A45F1059C}.Debug|x64.ActiveCfg = Debug|x64
		{DA9C4DD5-2FF7-4081-AABC-383A45F1059C}.Debug|x64.Build.0 = Debug|x64
		{DA9C4DD5-2FF7-4081-AABC-383A45F1059C}.Debug|x86.ActiveCfg = Debug|Win32
		{DA9C4DD5-2FF7-4081-AABC-383A45F1059C}.Debug|x86.Build.0 = Debug|Win32
		{DA9C4DD5-2FF7-4081-AABC-383A45F1059C}.Release|x64.ActiveCfg = Release|x64
		{DA9C4DD5-2FF7-4081-AABC-383A45F1059C}.Release|x64.Build.0 = Release|x64
		{DA9C4DD5-2FF7-4081-AABC-383A45F1059C}.Release|x86.ActiveCfg = Release|Win32
		{DA9C4DD5-2FF7-4081-AABC-383A45F1059C}.Release|x86.Build.0 = Release|Win32
	EndGlobalSection
	GlobalSection(SolutionProperties) = preSolution
		HideSolutionNode = FALSE
	EndGlobalSection
	GlobalSection(ExtensibilityGlobals) = postSolution
		SolutionGuid = {86D6CD14-34F6-408C-8EC5-F9357C9031CA}
	EndGlobalSection
EndGlobal
